# This file is automatically @generated by Cargo.
# It is not intended for manual editing.
version = 3

[[package]]
name = "quake-util"
version = "0.1.1"
source = "registry+https://github.com/rust-lang/crates.io-index"
checksum = "d416d5ea2cfb08d591277e47a4603d1fc4eb98fc783a5a2d0477c88f44d77617"

[[package]]
name = "respawn"
version = "0.1.0"
dependencies = [
 "quake-util",
]
